# This file was autogenerated by Stack.
# You should not edit this file by hand.
# For more information, please see the documentation at:
#   https://docs.haskellstack.org/en/stable/lock_files

packages:
- completed:
    subdir: .
    cabal-file:
      size: 4798
      sha256: eec2e92cb10bd71764f3f0f8077c4f6a9adc29e11c4a14b922189c3f829b5f4d
    name: queryparser
    version: 0.1.0.1
    git: https://github.com/asnr/queryparser.git
    pantry-tree:
      size: 11169
      sha256: bf8b5921eb30e955bfb1cb21c2d6b10c7deda75cad3f46a9b14591d616c49e49
    commit: 852f82c9dae0eae8aa9b0521d334161589a624b7
  original:
    subdir: .
    git: https://github.com/asnr/queryparser.git
    commit: 852f82c9dae0eae8aa9b0521d334161589a624b7
- completed:
    subdir: dialects/vertica
    cabal-file:
      size: 3401
      sha256: e21b1c8d81998e2b99bdf5ddc61451509629b0829a3e8dd47b753fea51e35b6d
    name: queryparser-vertica
    version: 0.1.0.1
    git: https://github.com/asnr/queryparser.git
    pantry-tree:
      size: 809
      sha256: 1de34c2b2d943542cbb821212afcd8219ad5fdaa823ae136e5014c6ccb6870f3
    commit: 852f82c9dae0eae8aa9b0521d334161589a624b7
  original:
    subdir: dialects/vertica
    git: https://github.com/asnr/queryparser.git
    commit: 852f82c9dae0eae8aa9b0521d334161589a624b7
- completed:
    hackage: fixed-list-0.1.6@sha256:0f42848c75f9d5cfaa1418d6e492c611d351e735828edc137eb09129403c9804,932
    pantry-tree:
      size: 215
      sha256: c0ab8baef5980e7e4f25963536d8052e6ae7f6c1f2c60a68584f982a4c90fff6
  original:
    hackage: fixed-list-0.1.6@sha256:0f42848c75f9d5cfaa1418d6e492c611d351e735828edc137eb09129403c9804,932
- completed:
    hackage: yaml-0.8.32@sha256:cb9e788e4c18f3c3579a950c1d53f89efb7e8871f6a00b5fabc37084c05cf04e,5452
    pantry-tree:
      size: 2789
      sha256: 5ac515c7d2eda1d131b6d8fb8a7bacf1ace2bb11f27a08e8c14e871f0856564b
  original:
    hackage: yaml-0.8.32@sha256:cb9e788e4c18f3c3579a950c1d53f89efb7e8871f6a00b5fabc37084c05cf04e,5452
snapshots:
- completed:
    size: 509471
    url: https://raw.githubusercontent.com/commercialhaskell/stackage-snapshots/master/lts/12/26.yaml
    sha256: 95f014df58d0679b1c4a2b7bf2b652b61da8d30de5f571abb0d59015ef678646
  original: lts-12.26
